PODS:
  - connectivity (0.0.1):
    - Flutter
    - Reachability
  - connectivity_macos (0.0.1):
    - Flutter
  - Flutter (1.0.0)
  - image_picker_saver (0.0.1):
    - Flutter
  - "permission_handler (4.4.0+hotfix.2)":
    - Flutter
  - Reachability (3.2)

DEPENDENCIES:
  - connectivity (from `.symlinks/plugins/connectivity/ios`)
  - connectivity_macos (from `.symlinks/plugins/connectivity_macos/ios`)
  - Flutter (from `Flutter`)
  - image_picker_saver (from `.symlinks/plugins/image_picker_saver/ios`)
  - permission_handler (from `.symlinks/plugins/permission_handler/ios`)

SPEC REPOS:
  https://github.com/cocoapods/specs.git:
    - Reachability

EXTERNAL SOURCES:
  connectivity:
    :path: ".symlinks/plugins/connectivity/ios"
  connectivity_macos:
    :path: ".symlinks/plugins/connectivity_macos/ios"
  Flutter:
    :path: Flutter
  image_picker_saver:
    :path: ".symlinks/plugins/image_picker_saver/ios"
  permission_handler:
    :path: ".symlinks/plugins/permission_handler/ios"

SPEC CHECKSUMS:
  connectivity: 6e94255659cc86dcbef1d452ad3e0491bb1b3e75
  connectivity_macos: e2e9731b6b22dda39eb1b128f6969d574460e191
  Flutter: 0e3d915762c693b495b44d77113d4970485de6ec
  image_picker_saver: 4f28bd70e1efdca68ad88beab0f11d22cffe04f6
  permission_handler: d5d46b2ca93671e8dcf870b949e304c7ddb65ad0
  Reachability: 33e18b67625424e47b6cde6d202dce689ad7af96

PODFILE CHECKSUM: 1b66dae606f75376c5f2135a8290850eeb09ae83

COCOAPODS: 1.6.1
